
Microsoft Visual Studio Solution File, Format Version 12.00
# Visual Studio Version 16
VisualStudioVersion = 16.0.28803.352
MinimumVisualStudioVersion = 10.0.40219.1
Project("{FAE04EC0-301F-11D3-BF4B-00C04F79EFBC}") = "EnhancedSearchAndFilters", "EnhancedSearchAndFilters.csproj", "{277851F4-328C-421E-A655-9028E26A0B79}"
EndProject
Global
	GlobalSection(SolutionConfigurationPlatforms) = preSolution
		Debug (Less Dependencies)|Any CPU = Debug (Less Dependencies)|Any CPU
		Debug|Any CPU = Debug|Any CPU
		Release (BeatMods)|Any CPU = Release (BeatMods)|Any CPU
		Release (GitHub)|Any CPU = Release (GitHub)|Any CPU
	EndGlobalSection
	GlobalSection(ProjectConfigurationPlatforms) = postSolution
		{277851F4-328C-421E-A655-9028E26A0B79}.Debug (Less Dependencies)|Any CPU.ActiveCfg = Debug (Less Dependencies)|Any CPU
		{277851F4-328C-421E-A655-9028E26A0B79}.Debug (Less Dependencies)|Any CPU.Build.0 = Debug (Less Dependencies)|Any CPU
		{277851F4-328C-421E-A655-9028E26A0B79}.Debug|Any CPU.ActiveCfg = Debug|Any CPU
		{277851F4-328C-421E-A655-9028E26A0B79}.Debug|Any CPU.Build.0 = Debug|Any CPU
		{277851F4-328C-421E-A655-9028E26A0B79}.Release (BeatMods)|Any CPU.ActiveCfg = Release (BeatMods)|Any CPU
		{277851F4-328C-421E-A655-9028E26A0B79}.Release (BeatMods)|Any CPU.Build.0 = Release (BeatMods)|Any CPU
		{277851F4-328C-421E-A655-9028E26A0B79}.Release (GitHub)|Any CPU.ActiveCfg = Release (GitHub)|Any CPU
		{277851F4-328C-421E-A655-9028E26A0B79}.Release (GitHub)|Any CPU.Build.0 = Release (GitHub)|Any CPU
	EndGlobalSection
	GlobalSection(SolutionProperties) = preSolution
		HideSolutionNode = FALSE
	EndGlobalSection
	GlobalSection(ExtensibilityGlobals) = postSolution
		SolutionGuid = {F0533D1A-DCC6-432C-A23A-F0AC45ED7DF2}
	EndGlobalSection
EndGlobal
